
Microsoft Visual Studio Solution File, Format Version 12.00
# Visual Studio 14
VisualStudioVersion = 14.0.25420.1
MinimumVisualStudioVersion = 10.0.40219.1
Project("{FAE04EC0-301F-11D3-BF4B-00C04F79EFBC}") = "MvcWEB", "MvcWEB\MvcWEB.csproj", "{055D9B0F-61A0-4EE6-98ED-0139D9DE44FA}"
EndProject
Project("{FAE04EC0-301F-11D3-BF4B-00C04F79EFBC}") = "Model", "Model\Model.csproj", "{60C4F620-DB59-4314-9312-C2FAD42A5AC6}"
EndProject
Project("{FAE04EC0-301F-11D3-BF4B-00C04F79EFBC}") = "MvcAdmin", "MvcAdmin\MvcAdmin.csproj", "{DF29FF53-89B4-4055-B580-CEFD2BBA4F7B}"
EndProject
Global
	GlobalSection(SolutionConfigurationPlatforms) = preSolution
		Debug|Any CPU = Debug|Any CPU
		Release|Any CPU = Release|Any CPU
	EndGlobalSection
	GlobalSection(ProjectConfigurationPlatforms) = postSolution
		{055D9B0F-61A0-4EE6-98ED-0139D9DE44FA}.Debug|Any CPU.ActiveCfg = Debug|Any CPU
		{055D9B0F-61A0-4EE6-98ED-0139D9DE44FA}.Debug|Any CPU.Build.0 = Debug|Any CPU
		{055D9B0F-61A0-4EE6-98ED-0139D9DE44FA}.Release|Any CPU.ActiveCfg = Release|Any CPU
		{055D9B0F-61A0-4EE6-98ED-0139D9DE44FA}.Release|Any CPU.Build.0 = Release|Any CPU
		{60C4F620-DB59-4314-9312-C2FAD42A5AC6}.Debug|Any CPU.ActiveCfg = Debug|Any CPU
		{60C4F620-DB59-4314-9312-C2FAD42A5AC6}.Debug|Any CPU.Build.0 = Debug|Any CPU
		{60C4F620-DB59-4314-9312-C2FAD42A5AC6}.Release|Any CPU.ActiveCfg = Release|Any CPU
		{60C4F620-DB59-4314-9312-C2FAD42A5AC6}.Release|Any CPU.Build.0 = Release|Any CPU
		{DF29FF53-89B4-4055-B580-CEFD2BBA4F7B}.Debug|Any CPU.ActiveCfg = Debug|Any CPU
		{DF29FF53-89B4-4055-B580-CEFD2BBA4F7B}.Debug|Any CPU.Build.0 = Debug|Any CPU
		{DF29FF53-89B4-4055-B580-CEFD2BBA4F7B}.Release|Any CPU.ActiveCfg = Release|Any CPU
		{DF29FF53-89B4-4055-B580-CEFD2BBA4F7B}.Release|Any CPU.Build.0 = Release|Any CPU
	EndGlobalSection
	GlobalSection(SolutionProperties) = preSolution
		HideSolutionNode = FALSE
	EndGlobalSection
EndGlobal
